// !$*UTF8*$!
{
	archiveVersion = 1;
	classes = {
	};
	objectVersion = 56;
	objects = {

/* Begin PBXBuildFile section */
		B1062DD82B6AFCFB0036FEA3 /* Toast.swift in Sources */ = {isa = PBXBuildFile; fileRef = B1062DD72B6AFCFB0036FEA3 /* Toast.swift */; };
		B1B42AA52B6989B100DEAFE4 /* Extension+Dictionary.swift in Sources */ = {isa = PBXBuildFile; fileRef = B1B42AA42B6989B100DEAFE4 /* Extension+Dictionary.swift */; };
		B1B42AA72B6989D500DEAFE4 /* Extension+CharacterSet.swift in Sources */ = {isa = PBXBuildFile; fileRef = B1B42AA62B6989D500DEAFE4 /* Extension+CharacterSet.swift */; };
		B1B42AA92B69916C00DEAFE4 /* CreateSesskeyModel.swift in Sources */ = {isa = PBXBuildFile; fileRef = B1B42AA82B69916C00DEAFE4 /* CreateSesskeyModel.swift */; };
		B1E89BDE2B682F5E0043761E /* booksApp.swift in Sources */ = {isa = PBXBuildFile; fileRef = B1E89BDD2B682F5E0043761E /* booksApp.swift */; };
		B1E89BE22B682F600043761E /* Assets.xcassets in Resources */ = {isa = PBXBuildFile; fileRef = B1E89BE12B682F600043761E /* Assets.xcassets */; };
		B1E89BE52B682F600043761E /* Preview Assets.xcassets in Resources */ = {isa = PBXBuildFile; fileRef = B1E89BE42B682F600043761E /* Preview Assets.xcassets */; };
		B1E89BEF2B682F600043761E /* booksTests.swift in Sources */ = {isa = PBXBuildFile; fileRef = B1E89BEE2B682F600043761E /* booksTests.swift */; };
		B1E89BF92B682F600043761E /* booksUITests.swift in Sources */ = {isa = PBXBuildFile; fileRef = B1E89BF82B682F600043761E /* booksUITests.swift */; };
		B1E89BFB2B682F600043761E /* booksUITestsLaunchTests.swift in Sources */ = {isa = PBXBuildFile; fileRef = B1E89BFA2B682F600043761E /* booksUITestsLaunchTests.swift */; };
		B1E89C0F2B682FF70043761E /* Login.swift in Sources */ = {isa = PBXBuildFile; fileRef = B1E89C0E2B682FF70043761E /* Login.swift */; };
		B1E89C122B68333B0043761E /* LoginButtonStyle.swift in Sources */ = {isa = PBXBuildFile; fileRef = B1E89C112B68333B0043761E /* LoginButtonStyle.swift */; };
		B1E89C1A2B6836F40043761E /* Home.swift in Sources */ = {isa = PBXBuildFile; fileRef = B1E89C192B6836F40043761E /* Home.swift */; };
		B1E89C1D2B6837150043761E /* BookCell.swift in Sources */ = {isa = PBXBuildFile; fileRef = B1E89C1C2B6837150043761E /* BookCell.swift */; };
		B1E89C1F2B68373B0043761E /* BookModel.swift in Sources */ = {isa = PBXBuildFile; fileRef = B1E89C1E2B68373B0043761E /* BookModel.swift */; };
		B1E89C242B68383C0043761E /* DetailBook.swift in Sources */ = {isa = PBXBuildFile; fileRef = B1E89C232B68383C0043761E /* DetailBook.swift */; };
		B1E89C262B68385B0043761E /* DetailBookViewModel.swift in Sources */ = {isa = PBXBuildFile; fileRef = B1E89C252B68385B0043761E /* DetailBookViewModel.swift */; };
		B1E89C282B68390F0043761E /* HomeViewModel.swift in Sources */ = {isa = PBXBuildFile; fileRef = B1E89C272B68390F0043761E /* HomeViewModel.swift */; };
		B1E89C2B2B6839D50043761E /* Services.swift in Sources */ = {isa = PBXBuildFile; fileRef = B1E89C2A2B6839D50043761E /* Services.swift */; };
		B1E89C2E2B6839F30043761E /* Apis.swift in Sources */ = {isa = PBXBuildFile; fileRef = B1E89C2D2B6839F30043761E /* Apis.swift */; };
		B1E89C302B683B700043761E /* LoginViewModel.swift in Sources */ = {isa = PBXBuildFile; fileRef = B1E89C2F2B683B700043761E /* LoginViewModel.swift */; };
		B1E89C362B683D9C0043761E /* RegisterAppModel.swift in Sources */ = {isa = PBXBuildFile; fileRef = B1E89C352B683D9C0043761E /* RegisterAppModel.swift */; };
		B1E89C382B683F520043761E /* OauthKeyModel.swift in Sources */ = {isa = PBXBuildFile; fileRef = B1E89C372B683F520043761E /* OauthKeyModel.swift */; };
/* End PBXBuildFile section */

/* Begin PBXContainerItemProxy section */
		B1E89BEB2B682F600043761E /* PBXContainerItemProxy */ = {
			isa = PBXContainerItemProxy;
			containerPortal = B1E89BD22B682F5E0043761E /* Project object */;
			proxyType = 1;
			remoteGlobalIDString = B1E89BD92B682F5E0043761E;
			remoteInfo = books;
		};
		B1E89BF52B682F600043761E /* PBXContainerItemProxy */ = {
			isa = PBXContainerItemProxy;
			containerPortal = B1E89BD22B682F5E0043761E /* Project object */;
			proxyType = 1;
			remoteGlobalIDString = B1E89BD92B682F5E0043761E;
			remoteInfo = books;
		};
/* End PBXContainerItemProxy section */

/* Begin PBXFileReference section */
		B1062DD72B6AFCFB0036FEA3 /* Toast.swift */ = {isa = PBXFileReference; lastKnownFileType = sourcecode.swift; path = Toast.swift; sourceTree = "<group>"; };
		B1B42AA42B6989B100DEAFE4 /* Extension+Dictionary.swift */ = {isa = PBXFileReference; lastKnownFileType = sourcecode.swift; path = "Extension+Dictionary.swift"; sourceTree = "<group>"; };
		B1B42AA62B6989D500DEAFE4 /* Extension+CharacterSet.swift */ = {isa = PBXFileReference; lastKnownFileType = sourcecode.swift; path = "Extension+CharacterSet.swift"; sourceTree = "<group>"; };
		B1B42AA82B69916C00DEAFE4 /* CreateSesskeyModel.swift */ = {isa = PBXFileReference; lastKnownFileType = sourcecode.swift; path = CreateSesskeyModel.swift; sourceTree = "<group>"; };
		B1E89BDA2B682F5E0043761E /* books.app */ = {isa = PBXFileReference; explicitFileType = wrapper.application; includeInIndex = 0; path = books.app; sourceTree = BUILT_PRODUCTS_DIR; };
		B1E89BDD2B682F5E0043761E /* booksApp.swift */ = {isa = PBXFileReference; lastKnownFileType = sourcecode.swift; path = booksApp.swift; sourceTree = "<group>"; };
		B1E89BE12B682F600043761E /* Assets.xcassets */ = {isa = PBXFileReference; lastKnownFileType = folder.assetcatalog; path = Assets.xcassets; sourceTree = "<group>"; };
		B1E89BE42B682F600043761E /* Preview Assets.xcassets */ = {isa = PBXFileReference; lastKnownFileType = folder.assetcatalog; path = "Preview Assets.xcassets"; sourceTree = "<group>"; };
		B1E89BEA2B682F600043761E /* booksTests.xctest */ = {isa = PBXFileReference; explicitFileType = wrapper.cfbundle; includeInIndex = 0; path = booksTests.xctest; sourceTree = BUILT_PRODUCTS_DIR; };
		B1E89BEE2B682F600043761E /* booksTests.swift */ = {isa = PBXFileReference; lastKnownFileType = sourcecode.swift; path = booksTests.swift; sourceTree = "<group>"; };
		B1E89BF42B682F600043761E /* booksUITests.xctest */ = {isa = PBXFileReference; explicitFileType = wrapper.cfbundle; includeInIndex = 0; path = booksUITests.xctest; sourceTree = BUILT_PRODUCTS_DIR; };
		B1E89BF82B682F600043761E /* booksUITests.swift */ = {isa = PBXFileReference; lastKnownFileType = sourcecode.swift; path = booksUITests.swift; sourceTree = "<group>"; };
		B1E89BFA2B682F600043761E /* booksUITestsLaunchTests.swift */ = {isa = PBXFileReference; lastKnownFileType = sourcecode.swift; path = booksUITestsLaunchTests.swift; sourceTree = "<group>"; };
		B1E89C0E2B682FF70043761E /* Login.swift */ = {isa = PBXFileReference; lastKnownFileType = sourcecode.swift; path = Login.swift; sourceTree = "<group>"; };
		B1E89C112B68333B0043761E /* LoginButtonStyle.swift */ = {isa = PBXFileReference; lastKnownFileType = sourcecode.swift; path = LoginButtonStyle.swift; sourceTree = "<group>"; };
		B1E89C192B6836F40043761E /* Home.swift */ = {isa = PBXFileReference; lastKnownFileType = sourcecode.swift; path = Home.swift; sourceTree = "<group>"; };
		B1E89C1C2B6837150043761E /* BookCell.swift */ = {isa = PBXFileReference; lastKnownFileType = sourcecode.swift; path = BookCell.swift; sourceTree = "<group>"; };
		B1E89C1E2B68373B0043761E /* BookModel.swift */ = {isa = PBXFileReference; lastKnownFileType = sourcecode.swift; path = BookModel.swift; sourceTree = "<group>"; };
		B1E89C232B68383C0043761E /* DetailBook.swift */ = {isa = PBXFileReference; lastKnownFileType = sourcecode.swift; path = DetailBook.swift; sourceTree = "<group>"; };
		B1E89C252B68385B0043761E /* DetailBookViewModel.swift */ = {isa = PBXFileReference; lastKnownFileType = sourcecode.swift; path = DetailBookViewModel.swift; sourceTree = "<group>"; };
		B1E89C272B68390F0043761E /* HomeViewModel.swift */ = {isa = PBXFileReference; lastKnownFileType = sourcecode.swift; path = HomeViewModel.swift; sourceTree = "<group>"; };
		B1E89C2A2B6839D50043761E /* Services.swift */ = {isa = PBXFileReference; lastKnownFileType = sourcecode.swift; path = Services.swift; sourceTree = "<group>"; };
		B1E89C2D2B6839F30043761E /* Apis.swift */ = {isa = PBXFileReference; lastKnownFileType = sourcecode.swift; path = Apis.swift; sourceTree = "<group>"; };
		B1E89C2F2B683B700043761E /* LoginViewModel.swift */ = {isa = PBXFileReference; lastKnownFileType = sourcecode.swift; path = LoginViewModel.swift; sourceTree = "<group>"; };
		B1E89C352B683D9C0043761E /* RegisterAppModel.swift */ = {isa = PBXFileReference; lastKnownFileType = sourcecode.swift; path = RegisterAppModel.swift; sourceTree = "<group>"; };
		B1E89C372B683F520043761E /* OauthKeyModel.swift */ = {isa = PBXFileReference; lastKnownFileType = sourcecode.swift; path = OauthKeyModel.swift; sourceTree = "<group>"; };
/* End PBXFileReference section */

/* Begin PBXFrameworksBuildPhase section */
		B1E89BD72B682F5E0043761E /* Frameworks */ = {
			isa = PBXFrameworksBuildPhase;
			buildActionMask = 2147483647;
			files = (
			);
			runOnlyForDeploymentPostprocessing = 0;
		};
		B1E89BE72B682F600043761E /* Frameworks */ = {
			isa = PBXFrameworksBuildPhase;
			buildActionMask = 2147483647;
			files = (
			);
			runOnlyForDeploymentPostprocessing = 0;
		};
		B1E89BF12B682F600043761E /* Frameworks */ = {
			isa = PBXFrameworksBuildPhase;
			buildActionMask = 2147483647;
			files = (
			);
			runOnlyForDeploymentPostprocessing = 0;
		};
/* End PBXFrameworksBuildPhase section */

/* Begin PBXGroup section */
		B1062DD62B6AFCE80036FEA3 /* UI */ = {
			isa = PBXGroup;
			children = (
				B1062DD72B6AFCFB0036FEA3 /* Toast.swift */,
			);
			path = UI;
			sourceTree = "<group>";
		};
		B1B42AA32B6989A100DEAFE4 /* Extension */ = {
			isa = PBXGroup;
			children = (
				B1B42AA42B6989B100DEAFE4 /* Extension+Dictionary.swift */,
				B1B42AA62B6989D500DEAFE4 /* Extension+CharacterSet.swift */,
			);
			path = Extension;
			sourceTree = "<group>";
		};
		B1E89BD12B682F5E0043761E = {
			isa = PBXGroup;
			children = (
				B1E89BDC2B682F5E0043761E /* books */,
				B1E89BED2B682F600043761E /* booksTests */,
				B1E89BF72B682F600043761E /* booksUITests */,
				B1E89BDB2B682F5E0043761E /* Products */,
			);
			sourceTree = "<group>";
		};
		B1E89BDB2B682F5E0043761E /* Products */ = {
			isa = PBXGroup;
			children = (
				B1E89BDA2B682F5E0043761E /* books.app */,
				B1E89BEA2B682F600043761E /* booksTests.xctest */,
				B1E89BF42B682F600043761E /* booksUITests.xctest */,
			);
			name = Products;
			sourceTree = "<group>";
		};
		B1E89BDC2B682F5E0043761E /* books */ = {
			isa = PBXGroup;
			children = (
				B1E89C0A2B682FC70043761E /* Utils */,
				B1E89C072B682FAF0043761E /* Modules */,
				B1E89BDD2B682F5E0043761E /* booksApp.swift */,
				B1E89BE12B682F600043761E /* Assets.xcassets */,
				B1E89BE32B682F600043761E /* Preview Content */,
			);
			path = books;
			sourceTree = "<group>";
		};
		B1E89BE32B682F600043761E /* Preview Content */ = {
			isa = PBXGroup;
			children = (
				B1E89BE42B682F600043761E /* Preview Assets.xcassets */,
			);
			path = "Preview Content";
			sourceTree = "<group>";
		};
		B1E89BED2B682F600043761E /* booksTests */ = {
			isa = PBXGroup;
			children = (
				B1E89BEE2B682F600043761E /* booksTests.swift */,
			);
			path = booksTests;
			sourceTree = "<group>";
		};
		B1E89BF72B682F600043761E /* booksUITests */ = {
			isa = PBXGroup;
			children = (
				B1E89BF82B682F600043761E /* booksUITests.swift */,
				B1E89BFA2B682F600043761E /* booksUITestsLaunchTests.swift */,
			);
			path = booksUITests;
			sourceTree = "<group>";
		};
		B1E89C072B682FAF0043761E /* Modules */ = {
			isa = PBXGroup;
			children = (
				B1E89C202B68381B0043761E /* DetailBook */,
				B1E89C092B682FC00043761E /* Home */,
				B1E89C082B682FBC0043761E /* Login */,
			);
			path = Modules;
			sourceTree = "<group>";
		};
		B1E89C082B682FBC0043761E /* Login */ = {
			isa = PBXGroup;
			children = (
				B1E89C0D2B682FDE0043761E /* ViewModel */,
				B1E89C0C2B682FDA0043761E /* View */,
				B1E89C0B2B682FD50043761E /* Model */,
			);
			path = Login;
			sourceTree = "<group>";
		};
		B1E89C092B682FC00043761E /* Home */ = {
			isa = PBXGroup;
			children = (
				B1E89C182B6836B20043761E /* Model */,
				B1E89C172B6836AE0043761E /* View */,
				B1E89C162B6836A20043761E /* ViewModel */,
			);
			path = Home;
			sourceTree = "<group>";
		};
		B1E89C0A2B682FC70043761E /* Utils */ = {
			isa = PBXGroup;
			children = (
				B1062DD62B6AFCE80036FEA3 /* UI */,
				B1B42AA32B6989A100DEAFE4 /* Extension */,
				B1E89C292B6839CA0043761E /* Networking */,
			);
			path = Utils;
			sourceTree = "<group>";
		};
		B1E89C0B2B682FD50043761E /* Model */ = {
			isa = PBXGroup;
			children = (
				B1E89C352B683D9C0043761E /* RegisterAppModel.swift */,
				B1E89C372B683F520043761E /* OauthKeyModel.swift */,
				B1B42AA82B69916C00DEAFE4 /* CreateSesskeyModel.swift */,
			);
			path = Model;
			sourceTree = "<group>";
		};
		B1E89C0C2B682FDA0043761E /* View */ = {
			isa = PBXGroup;
			children = (
				B1E89C102B68332F0043761E /* Button */,
				B1E89C0E2B682FF70043761E /* Login.swift */,
			);
			path = View;
			sourceTree = "<group>";
		};
		B1E89C0D2B682FDE0043761E /* ViewModel */ = {
			isa = PBXGroup;
			children = (
				B1E89C2F2B683B700043761E /* LoginViewModel.swift */,
			);
			path = ViewModel;
			sourceTree = "<group>";
		};
		B1E89C102B68332F0043761E /* Button */ = {
			isa = PBXGroup;
			children = (
				B1E89C112B68333B0043761E /* LoginButtonStyle.swift */,
			);
			path = Button;
			sourceTree = "<group>";
		};
		B1E89C162B6836A20043761E /* ViewModel */ = {
			isa = PBXGroup;
			children = (
				B1E89C272B68390F0043761E /* HomeViewModel.swift */,
			);
			path = ViewModel;
			sourceTree = "<group>";
		};
		B1E89C172B6836AE0043761E /* View */ = {
			isa = PBXGroup;
			children = (
				B1E89C1B2B6836F70043761E /* Cell */,
				B1E89C192B6836F40043761E /* Home.swift */,
			);
			path = View;
			sourceTree = "<group>";
		};
		B1E89C182B6836B20043761E /* Model */ = {
			isa = PBXGroup;
			children = (
				B1E89C1E2B68373B0043761E /* BookModel.swift */,
			);
			path = Model;
			sourceTree = "<group>";
		};
		B1E89C1B2B6836F70043761E /* Cell */ = {
			isa = PBXGroup;
			children = (
				B1E89C1C2B6837150043761E /* BookCell.swift */,
			);
			path = Cell;
			sourceTree = "<group>";
		};
		B1E89C202B68381B0043761E /* DetailBook */ = {
			isa = PBXGroup;
			children = (
				B1E89C222B6838290043761E /* View */,
				B1E89C212B6838230043761E /* ViewModel */,
			);
			path = DetailBook;
			sourceTree = "<group>";
		};
		B1E89C212B6838230043761E /* ViewModel */ = {
			isa = PBXGroup;
			children = (
				B1E89C252B68385B0043761E /* DetailBookViewModel.swift */,
			);
			path = ViewModel;
			sourceTree = "<group>";
		};
		B1E89C222B6838290043761E /* View */ = {
			isa = PBXGroup;
			children = (
				B1E89C232B68383C0043761E /* DetailBook.swift */,
			);
			path = View;
			sourceTree = "<group>";
		};
		B1E89C292B6839CA0043761E /* Networking */ = {
			isa = PBXGroup;
			children = (
				B1E89C2A2B6839D50043761E /* Services.swift */,
				B1E89C2D2B6839F30043761E /* Apis.swift */,
			);
			path = Networking;
			sourceTree = "<group>";
		};
/* End PBXGroup section */

/* Begin PBXNativeTarget section */
		B1E89BD92B682F5E0043761E /* books */ = {
			isa = PBXNativeTarget;
			buildConfigurationList = B1E89BFE2B682F600043761E /* Build configuration list for PBXNativeTarget "books" */;
			buildPhases = (
				B1E89BD62B682F5E0043761E /* Sources */,
				B1E89BD72B682F5E0043761E /* Frameworks */,
				B1E89BD82B682F5E0043761E /* Resources */,
			);
			buildRules = (
			);
			dependencies = (
			);
			name = books;
			productName = books;
			productReference = B1E89BDA2B682F5E0043761E /* books.app */;
			productType = "com.apple.product-type.application";
		};
		B1E89BE92B682F600043761E /* booksTests */ = {
			isa = PBXNativeTarget;
			buildConfigurationList = B1E89C012B682F600043761E /* Build configuration list for PBXNativeTarget "booksTests" */;
			buildPhases = (
				B1E89BE62B682F600043761E /* Sources */,
				B1E89BE72B682F600043761E /* Frameworks */,
				B1E89BE82B682F600043761E /* Resources */,
			);
			buildRules = (
			);
			dependencies = (
				B1E89BEC2B682F600043761E /* PBXTargetDependency */,
			);
			name = booksTests;
			productName = booksTests;
			productReference = B1E89BEA2B682F600043761E /* booksTests.xctest */;
			productType = "com.apple.product-type.bundle.unit-test";
		};
		B1E89BF32B682F600043761E /* booksUITests */ = {
			isa = PBXNativeTarget;
			buildConfigurationList = B1E89C042B682F600043761E /* Build configuration list for PBXNativeTarget "booksUITests" */;
			buildPhases = (
				B1E89BF02B682F600043761E /* Sources */,
				B1E89BF12B682F600043761E /* Frameworks */,
				B1E89BF22B682F600043761E /* Resources */,
			);
			buildRules = (
			);
			dependencies = (
				B1E89BF62B682F600043761E /* PBXTargetDependency */,
			);
			name = booksUITests;
			productName = booksUITests;
			productReference = B1E89BF42B682F600043761E /* booksUITests.xctest */;
			productType = "com.apple.product-type.bundle.ui-testing";
		};
/* End PBXNativeTarget section */

/* Begin PBXProject section */
		B1E89BD22B682F5E0043761E /* Project object */ = {
			isa = PBXProject;
			attributes = {
				BuildIndependentTargetsInParallel = 1;
				LastSwiftUpdateCheck = 1430;
				LastUpgradeCheck = 1430;
				TargetAttributes = {
					B1E89BD92B682F5E0043761E = {
						CreatedOnToolsVersion = 14.3.1;
					};
					B1E89BE92B682F600043761E = {
						CreatedOnToolsVersion = 14.3.1;
						TestTargetID = B1E89BD92B682F5E0043761E;
					};
					B1E89BF32B682F600043761E = {
						CreatedOnToolsVersion = 14.3.1;
						TestTargetID = B1E89BD92B682F5E0043761E;
					};
				};
			};
			buildConfigurationList = B1E89BD52B682F5E0043761E /* Build configuration list for PBXProject "books" */;
			compatibilityVersion = "Xcode 14.0";
			developmentRegion = en;
			hasScannedForEncodings = 0;
			knownRegions = (
				en,
				Base,
			);
			mainGroup = B1E89BD12B682F5E0043761E;
			productRefGroup = B1E89BDB2B682F5E0043761E /* Products */;
			projectDirPath = "";
			projectRoot = "";
			targets = (
				B1E89BD92B682F5E0043761E /* books */,
				B1E89BE92B682F600043761E /* booksTests */,
				B1E89BF32B682F600043761E /* booksUITests */,
			);
		};
/* End PBXProject section */

/* Begin PBXResourcesBuildPhase section */
		B1E89BD82B682F5E0043761E /* Resources */ = {
			isa = PBXResourcesBuildPhase;
			buildActionMask = 2147483647;
			files = (
				B1E89BE52B682F600043761E /* Preview Assets.xcassets in Resources */,
				B1E89BE22B682F600043761E /* Assets.xcassets in Resources */,
			);
			runOnlyForDeploymentPostprocessing = 0;
		};
		B1E89BE82B682F600043761E /* Resources */ = {
			isa = PBXResourcesBuildPhase;
			buildActionMask = 2147483647;
			files = (
			);
			runOnlyForDeploymentPostprocessing = 0;
		};
		B1E89BF22B682F600043761E /* Resources */ = {
			isa = PBXResourcesBuildPhase;
			buildActionMask = 2147483647;
			files = (
			);
			runOnlyForDeploymentPostprocessing = 0;
		};
/* End PBXResourcesBuildPhase section */

/* Begin PBXSourcesBuildPhase section */
		B1E89BD62B682F5E0043761E /* Sources */ = {
			isa = PBXSourcesBuildPhase;
			buildActionMask = 2147483647;
			files = (
				B1E89C1F2B68373B0043761E /* BookModel.swift in Sources */,
				B1E89C282B68390F0043761E /* HomeViewModel.swift in Sources */,
				B1B42AA92B69916C00DEAFE4 /* CreateSesskeyModel.swift in Sources */,
				B1E89C242B68383C0043761E /* DetailBook.swift in Sources */,
				B1E89C0F2B682FF70043761E /* Login.swift in Sources */,
				B1E89C122B68333B0043761E /* LoginButtonStyle.swift in Sources */,
				B1E89C2B2B6839D50043761E /* Services.swift in Sources */,
				B1062DD82B6AFCFB0036FEA3 /* Toast.swift in Sources */,
				B1E89C2E2B6839F30043761E /* Apis.swift in Sources */,
				B1E89C382B683F520043761E /* OauthKeyModel.swift in Sources */,
				B1B42AA72B6989D500DEAFE4 /* Extension+CharacterSet.swift in Sources */,
				B1E89C1A2B6836F40043761E /* Home.swift in Sources */,
				B1E89C302B683B700043761E /* LoginViewModel.swift in Sources */,
				B1B42AA52B6989B100DEAFE4 /* Extension+Dictionary.swift in Sources */,
				B1E89BDE2B682F5E0043761E /* booksApp.swift in Sources */,
				B1E89C262B68385B0043761E /* DetailBookViewModel.swift in Sources */,
				B1E89C362B683D9C0043761E /* RegisterAppModel.swift in Sources */,
				B1E89C1D2B6837150043761E /* BookCell.swift in Sources */,
			);
			runOnlyForDeploymentPostprocessing = 0;
		};
		B1E89BE62B682F600043761E /* Sources */ = {
			isa = PBXSourcesBuildPhase;
			buildActionMask = 2147483647;
			files = (
				B1E89BEF2B682F600043761E /* booksTests.swift in Sources */,
			);
			runOnlyForDeploymentPostprocessing = 0;
		};
		B1E89BF02B682F600043761E /* Sources */ = {
			isa = PBXSourcesBuildPhase;
			buildActionMask = 2147483647;
			files = (
				B1E89BF92B682F600043761E /* booksUITests.swift in Sources */,
				B1E89BFB2B682F600043761E /* booksUITestsLaunchTests.swift in Sources */,
			);
			runOnlyForDeploymentPostprocessing = 0;
		};
/* End PBXSourcesBuildPhase section */

/* Begin PBXTargetDependency section */
		B1E89BEC2B682F600043761E /* PBXTargetDependency */ = {
			isa = PBXTargetDependency;
			target = B1E89BD92B682F5E0043761E /* books */;
			targetProxy = B1E89BEB2B682F600043761E /* PBXContainerItemProxy */;
		};
		B1E89BF62B682F600043761E /* PBXTargetDependency */ = {
			isa = PBXTargetDependency;
			target = B1E89BD92B682F5E0043761E /* books */;
			targetProxy = B1E89BF52B682F600043761E /* PBXContainerItemProxy */;
		};
/* End PBXTargetDependency section */

/* Begin XCBuildConfiguration section */
		B1E89BFC2B682F600043761E /* Debug */ = {
			isa = XCBuildConfiguration;
			buildSettings = {
				ALWAYS_SEARCH_USER_PATHS = NO;
				CLANG_ANALYZER_NONNULL = YES;
				CLANG_ANALYZER_NUMBER_OBJECT_CONVERSION = YES_AGGRESSIVE;
				CLANG_CXX_LANGUAGE_STANDARD = "gnu++20";
				CLANG_ENABLE_MODULES = YES;
				CLANG_ENABLE_OBJC_ARC = YES;
				CLANG_ENABLE_OBJC_WEAK = YES;
				CLANG_WARN_BLOCK_CAPTURE_AUTORELEASING = YES;
				CLANG_WARN_BOOL_CONVERSION = YES;
				CLANG_WARN_COMMA = YES;
				CLANG_WARN_CONSTANT_CONVERSION = YES;
				CLANG_WARN_DEPRECATED_OBJC_IMPLEMENTATIONS = YES;
				CLANG_WARN_DIRECT_OBJC_ISA_USAGE = YES_ERROR;
				CLANG_WARN_DOCUMENTATION_COMMENTS = YES;
				CLANG_WARN_EMPTY_BODY = YES;
				CLANG_WARN_ENUM_CONVERSION = YES;
				CLANG_WARN_INFINITE_RECURSION = YES;
				CLANG_WARN_INT_CONVERSION = YES;
				CLANG_WARN_NON_LITERAL_NULL_CONVERSION = YES;
				CLANG_WARN_OBJC_IMPLICIT_RETAIN_SELF = YES;
				CLANG_WARN_OBJC_LITERAL_CONVERSION = YES;
				CLANG_WARN_OBJC_ROOT_CLASS = YES_ERROR;
				CLANG_WARN_QUOTED_INCLUDE_IN_FRAMEWORK_HEADER = YES;
				CLANG_WARN_RANGE_LOOP_ANALYSIS = YES;
				CLANG_WARN_STRICT_PROTOTYPES = YES;
				CLANG_WARN_SUSPICIOUS_MOVE = YES;
				CLANG_WARN_UNGUARDED_AVAILABILITY = YES_AGGRESSIVE;
				CLANG_WARN_UNREACHABLE_CODE = YES;
				CLANG_WARN__DUPLICATE_METHOD_MATCH = YES;
				COPY_PHASE_STRIP = NO;
				DEBUG_INFORMATION_FORMAT = dwarf;
				ENABLE_STRICT_OBJC_MSGSEND = YES;
				ENABLE_TESTABILITY = YES;
				GCC_C_LANGUAGE_STANDARD = gnu11;
				GCC_DYNAMIC_NO_PIC = NO;
				GCC_NO_COMMON_BLOCKS = YES;
				GCC_OPTIMIZATION_LEVEL = 0;
				GCC_PREPROCESSOR_DEFINITIONS = (
					"DEBUG=1",
					"$(inherited)",
				);
				GCC_WARN_64_TO_32_BIT_CONVERSION = YES;
				GCC_WARN_ABOUT_RETURN_TYPE = YES_ERROR;
				GCC_WARN_UNDECLARED_SELECTOR = YES;
				GCC_WARN_UNINITIALIZED_AUTOS = YES_AGGRESSIVE;
				GCC_WARN_UNUSED_FUNCTION = YES;
				GCC_WARN_UNUSED_VARIABLE = YES;
				IPHONEOS_DEPLOYMENT_TARGET = 16.4;
				MTL_ENABLE_DEBUG_INFO = INCLUDE_SOURCE;
				MTL_FAST_MATH = YES;
				ONLY_ACTIVE_ARCH = YES;
				SDKROOT = iphoneos;
				SWIFT_ACTIVE_COMPILATION_CONDITIONS = DEBUG;
				SWIFT_OPTIMIZATION_LEVEL = "-Onone";
			};
			name = Debug;
		};
		B1E89BFD2B682F600043761E /* Release */ = {
			isa = XCBuildConfiguration;
			buildSettings = {
				ALWAYS_SEARCH_USER_PATHS = NO;
				CLANG_ANALYZER_NONNULL = YES;
				CLANG_ANALYZER_NUMBER_OBJECT_CONVERSION = YES_AGGRESSIVE;
				CLANG_CXX_LANGUAGE_STANDARD = "gnu++20";
				CLANG_ENABLE_MODULES = YES;
				CLANG_ENABLE_OBJC_ARC = YES;
				CLANG_ENABLE_OBJC_WEAK = YES;
				CLANG_WARN_BLOCK_CAPTURE_AUTORELEASING = YES;
				CLANG_WARN_BOOL_CONVERSION = YES;
				CLANG_WARN_COMMA = YES;
				CLANG_WARN_CONSTANT_CONVERSION = YES;
				CLANG_WARN_DEPRECATED_OBJC_IMPLEMENTATIONS = YES;
				CLANG_WARN_DIRECT_OBJC_ISA_USAGE = YES_ERROR;
				CLANG_WARN_DOCUMENTATION_COMMENTS = YES;
				CLANG_WARN_EMPTY_BODY = YES;
				CLANG_WARN_ENUM_CONVERSION = YES;
				CLANG_WARN_INFINITE_RECURSION = YES;
				CLANG_WARN_INT_CONVERSION = YES;
				CLANG_WARN_NON_LITERAL_NULL_CONVERSION = YES;
				CLANG_WARN_OBJC_IMPLICIT_RETAIN_SELF = YES;
				CLANG_WARN_OBJC_LITERAL_CONVERSION = YES;
				CLANG_WARN_OBJC_ROOT_CLASS = YES_ERROR;
				CLANG_WARN_QUOTED_INCLUDE_IN_FRAMEWORK_HEADER = YES;
				CLANG_WARN_RANGE_LOOP_ANALYSIS = YES;
				CLANG_WARN_STRICT_PROTOTYPES = YES;
				CLANG_WARN_SUSPICIOUS_MOVE = YES;
				CLANG_WARN_UNGUARDED_AVAILABILITY = YES_AGGRESSIVE;
				CLANG_WARN_UNREACHABLE_CODE = YES;
				CLANG_WARN__DUPLICATE_METHOD_MATCH = YES;
				COPY_PHASE_STRIP = NO;
				DEBUG_INFORMATION_FORMAT = "dwarf-with-dsym";
				ENABLE_NS_ASSERTIONS = NO;
				ENABLE_STRICT_OBJC_MSGSEND = YES;
				GCC_C_LANGUAGE_STANDARD = gnu11;
				GCC_NO_COMMON_BLOCKS = YES;
				GCC_WARN_64_TO_32_BIT_CONVERSION = YES;
				GCC_WARN_ABOUT_RETURN_TYPE = YES_ERROR;
				GCC_WARN_UNDECLARED_SELECTOR = YES;
				GCC_WARN_UNINITIALIZED_AUTOS = YES_AGGRESSIVE;
				GCC_WARN_UNUSED_FUNCTION = YES;
				GCC_WARN_UNUSED_VARIABLE = YES;
				IPHONEOS_DEPLOYMENT_TARGET = 16.4;
				MTL_ENABLE_DEBUG_INFO = NO;
				MTL_FAST_MATH = YES;
				SDKROOT = iphoneos;
				SWIFT_COMPILATION_MODE = wholemodule;
				SWIFT_OPTIMIZATION_LEVEL = "-O";
				VALIDATE_PRODUCT = YES;
			};
			name = Release;
		};
		B1E89BFF2B682F600043761E /* Debug */ = {
			isa = XCBuildConfiguration;
			buildSettings = {
				ASSETCATALOG_COMPILER_APPICON_NAME = AppIcon;
				ASSETCATALOG_COMPILER_GLOBAL_ACCENT_COLOR_NAME = AccentColor;
				CODE_SIGN_STYLE = Automatic;
				CURRENT_PROJECT_VERSION = 1;
				DEVELOPMENT_ASSET_PATHS = "\"books/Preview Content\"";
				DEVELOPMENT_TEAM = ZASTSJNC9V;
				ENABLE_PREVIEWS = YES;
				GENERATE_INFOPLIST_FILE = YES;
				INFOPLIST_KEY_UIApplicationSceneManifest_Generation = YES;
				INFOPLIST_KEY_UIApplicationSupportsIndirectInputEvents = YES;
				INFOPLIST_KEY_UILaunchScreen_Generation = YES;
				INFOPLIST_KEY_UISupportedInterfaceOrientations_iPad = "UIInterfaceOrientationPortrait UIInterfaceOrientationPortraitUpsideDown UIInterfaceOrientationLandscapeLeft UIInterfaceOrientationLandscapeRight";
				INFOPLIST_KEY_UISupportedInterfaceOrientations_iPhone = "UIInterfaceOrientationPortrait UIInterfaceOrientationLandscapeLeft UIInterfaceOrientationLandscapeRight";
				LD_RUNPATH_SEARCH_PATHS = (
					"$(inherited)",
					"@executable_path/Frameworks",
				);
				MARKETING_VERSION = 1.0;
				PRODUCT_BUNDLE_IDENTIFIER = mariana.books;
				PRODUCT_NAME = "$(TARGET_NAME)";
				SWIFT_EMIT_LOC_STRINGS = YES;
				SWIFT_VERSION = 5.0;
				TARGETED_DEVICE_FAMILY = "1,2";
			};
			name = Debug;
		};
		B1E89C002B682F600043761E /* Release */ = {
			isa = XCBuildConfiguration;
			buildSettings = {
				ASSETCATALOG_COMPILER_APPICON_NAME = AppIcon;
				ASSETCATALOG_COMPILER_GLOBAL_ACCENT_COLOR_NAME = AccentColor;
				CODE_SIGN_STYLE = Automatic;
				CURRENT_PROJECT_VERSION = 1;
				DEVELOPMENT_ASSET_PATHS = "\"books/Preview Content\"";
				DEVELOPMENT_TEAM = ZASTSJNC9V;
				ENABLE_PREVIEWS = YES;
				GENERATE_INFOPLIST_FILE = YES;
				INFOPLIST_KEY_UIApplicationSceneManifest_Generation = YES;
				INFOPLIST_KEY_UIApplicationSupportsIndirectInputEvents = YES;
				INFOPLIST_KEY_UILaunchScreen_Generation = YES;
				INFOPLIST_KEY_UISupportedInterfaceOrientations_iPad = "UIInterfaceOrientationPortrait UIInterfaceOrientationPortraitUpsideDown UIInterfaceOrientationLandscapeLeft UIInterfaceOrientationLandscapeRight";
				INFOPLIST_KEY_UISupportedInterfaceOrientations_iPhone = "UIInterfaceOrientationPortrait UIInterfaceOrientationLandscapeLeft UIInterfaceOrientationLandscapeRight";
				LD_RUNPATH_SEARCH_PATHS = (
					"$(inherited)",
					"@executable_path/Frameworks",
				);
				MARKETING_VERSION = 1.0;
				PRODUCT_BUNDLE_IDENTIFIER = mariana.books;
				PRODUCT_NAME = "$(TARGET_NAME)";
				SWIFT_EMIT_LOC_STRINGS = YES;
				SWIFT_VERSION = 5.0;
				TARGETED_DEVICE_FAMILY = "1,2";
			};
			name = Release;
		};
		B1E89C022B682F600043761E /* Debug */ = {
			isa = XCBuildConfiguration;
			buildSettings = {
				ALWAYS_EMBED_SWIFT_STANDARD_LIBRARIES = YES;
				BUNDLE_LOADER = "$(TEST_HOST)";
				CODE_SIGN_STYLE = Automatic;
				CURRENT_PROJECT_VERSION = 1;
				DEVELOPMENT_TEAM = ZASTSJNC9V;
				GENERATE_INFOPLIST_FILE = YES;
				IPHONEOS_DEPLOYMENT_TARGET = 16.4;
				MARKETING_VERSION = 1.0;
				PRODUCT_BUNDLE_IDENTIFIER = mariana.booksTests;
				PRODUCT_NAME = "$(TARGET_NAME)";
				SWIFT_EMIT_LOC_STRINGS = NO;
				SWIFT_VERSION = 5.0;
				TARGETED_DEVICE_FAMILY = "1,2";
				TEST_HOST = "$(BUILT_PRODUCTS_DIR)/books.app/$(BUNDLE_EXECUTABLE_FOLDER_PATH)/books";
			};
			name = Debug;
		};
		B1E89C032B682F600043761E /* Release */ = {
			isa = XCBuildConfiguration;
			buildSettings = {
				ALWAYS_EMBED_SWIFT_STANDARD_LIBRARIES = YES;
				BUNDLE_LOADER = "$(TEST_HOST)";
				CODE_SIGN_STYLE = Automatic;
				CURRENT_PROJECT_VERSION = 1;
				DEVELOPMENT_TEAM = ZASTSJNC9V;
				GENERATE_INFOPLIST_FILE = YES;
				IPHONEOS_DEPLOYMENT_TARGET = 16.4;
				MARKETING_VERSION = 1.0;
				PRODUCT_BUNDLE_IDENTIFIER = mariana.booksTests;
				PRODUCT_NAME = "$(TARGET_NAME)";
				SWIFT_EMIT_LOC_STRINGS = NO;
				SWIFT_VERSION = 5.0;
				TARGETED_DEVICE_FAMILY = "1,2";
				TEST_HOST = "$(BUILT_PRODUCTS_DIR)/books.app/$(BUNDLE_EXECUTABLE_FOLDER_PATH)/books";
			};
			name = Release;
		};
		B1E89C052B682F600043761E /* Debug */ = {
			isa = XCBuildConfiguration;
			buildSettings = {
				ALWAYS_EMBED_SWIFT_STANDARD_LIBRARIES = YES;
				CODE_SIGN_STYLE = Automatic;
				CURRENT_PROJECT_VERSION = 1;
				DEVELOPMENT_TEAM = ZASTSJNC9V;
				GENERATE_INFOPLIST_FILE = YES;
				MARKETING_VERSION = 1.0;
				PRODUCT_BUNDLE_IDENTIFIER = mariana.booksUITests;
				PRODUCT_NAME = "$(TARGET_NAME)";
				SWIFT_EMIT_LOC_STRINGS = NO;
				SWIFT_VERSION = 5.0;
				TARGETED_DEVICE_FAMILY = "1,2";
				TEST_TARGET_NAME = books;
			};
			name = Debug;
		};
		B1E89C062B682F600043761E /* Release */ = {
			isa = XCBuildConfiguration;
			buildSettings = {
				ALWAYS_EMBED_SWIFT_STANDARD_LIBRARIES = YES;
				CODE_SIGN_STYLE = Automatic;
				CURRENT_PROJECT_VERSION = 1;
				DEVELOPMENT_TEAM = ZASTSJNC9V;
				GENERATE_INFOPLIST_FILE = YES;
				MARKETING_VERSION = 1.0;
				PRODUCT_BUNDLE_IDENTIFIER = mariana.booksUITests;
				PRODUCT_NAME = "$(TARGET_NAME)";
				SWIFT_EMIT_LOC_STRINGS = NO;
				SWIFT_VERSION = 5.0;
				TARGETED_DEVICE_FAMILY = "1,2";
				TEST_TARGET_NAME = books;
			};
			name = Release;
		};
/* End XCBuildConfiguration section */

/* Begin XCConfigurationList section */
		B1E89BD52B682F5E0043761E /* Build configuration list for PBXProject "books" */ = {
			isa = XCConfigurationList;
			buildConfigurations = (
				B1E89BFC2B682F600043761E /* Debug */,
				B1E89BFD2B682F600043761E /* Release */,
			);
			defaultConfigurationIsVisible = 0;
			defaultConfigurationName = Release;
		};
		B1E89BFE2B682F600043761E /* Build configuration list for PBXNativeTarget "books" */ = {
			isa = XCConfigurationList;
			buildConfigurations = (
				B1E89BFF2B682F600043761E /* Debug */,
				B1E89C002B682F600043761E /* Release */,
			);
			defaultConfigurationIsVisible = 0;
			defaultConfigurationName = Release;
		};
		B1E89C012B682F600043761E /* Build configuration list for PBXNativeTarget "booksTests" */ = {
			isa = XCConfigurationList;
			buildConfigurations = (
				B1E89C022B682F600043761E /* Debug */,
				B1E89C032B682F600043761E /* Release */,
			);
			defaultConfigurationIsVisible = 0;
			defaultConfigurationName = Release;
		};
		B1E89C042B682F600043761E /* Build configuration list for PBXNativeTarget "booksUITests" */ = {
			isa = XCConfigurationList;
			buildConfigurations = (
				B1E89C052B682F600043761E /* Debug */,
				B1E89C062B682F600043761E /* Release */,
			);
			defaultConfigurationIsVisible = 0;
			defaultConfigurationName = Release;
		};
/* End XCConfigurationList section */
	};
	rootObject = B1E89BD22B682F5E0043761E /* Project object */;
}
